
Microsoft Visual Studio Solution File, Format Version 12.00
# Visual Studio Version 17
VisualStudioVersion = 17.3.32929.385
MinimumVisualStudioVersion = 10.0.40219.1
Project("{FAE04EC0-301F-11D3-BF4B-00C04F79EFBC}") = "05_NVDongHPLongNMHieuBDMinh_LTNET", "05_NVDongHPLongNMHieuBDMinh_LTNET\05_NVDongHPLongNMHieuBDMinh_LTNET.csproj", "{EEB58627-75CE-413A-BECF-AF4B4632B61A}"
EndProject
Global
	GlobalSection(SolutionConfigurationPlatforms) = preSolution
		Debug|Any CPU = Debug|Any CPU
		Release|Any CPU = Release|Any CPU
	EndGlobalSection
	GlobalSection(ProjectConfigurationPlatforms) = postSolution
		{EEB58627-75CE-413A-BECF-AF4B4632B61A}.Debug|Any CPU.ActiveCfg = Debug|Any CPU
		{EEB58627-75CE-413A-BECF-AF4B4632B61A}.Debug|Any CPU.Build.0 = Debug|Any CPU
		{EEB58627-75CE-413A-BECF-AF4B4632B61A}.Release|Any CPU.ActiveCfg = Release|Any CPU
		{EEB58627-75CE-413A-BECF-AF4B4632B61A}.Release|Any CPU.Build.0 = Release|Any CPU
	EndGlobalSection
	GlobalSection(SolutionProperties) = preSolution
		HideSolutionNode = FALSE
	EndGlobalSection
	GlobalSection(ExtensibilityGlobals) = postSolution
		SolutionGuid = {0C4D3839-3AF7-4C4E-BFBD-F25E323190AA}
	EndGlobalSection
EndGlobal
